
Microsoft Visual Studio Solution File, Format Version 12.00
# Visual Studio Version 17
VisualStudioVersion = 17.9.34728.123
MinimumVisualStudioVersion = 10.0.40219.1
Project("{FAE04EC0-301F-11D3-BF4B-00C04F79EFBC}") = "CouchbaseExample", "CouchbaseExample\CouchbaseExample.csproj", "{2193544E-E619-4D7B-BC20-8E162D58B991}"
EndProject
Global
	GlobalSection(SolutionConfigurationPlatforms) = preSolution
		Debug|Any CPU = Debug|Any CPU
		Release|Any CPU = Release|Any CPU
	EndGlobalSection
	GlobalSection(ProjectConfigurationPlatforms) = postSolution
		{2193544E-E619-4D7B-BC20-8E162D58B991}.Debug|Any CPU.ActiveCfg = Debug|Any CPU
		{2193544E-E619-4D7B-BC20-8E162D58B991}.Debug|Any CPU.Build.0 = Debug|Any CPU
		{2193544E-E619-4D7B-BC20-8E162D58B991}.Release|Any CPU.ActiveCfg = Release|Any CPU
		{2193544E-E619-4D7B-BC20-8E162D58B991}.Release|Any CPU.Build.0 = Release|Any CPU
	EndGlobalSection
	GlobalSection(SolutionProperties) = preSolution
		HideSolutionNode = FALSE
	EndGlobalSection
	GlobalSection(ExtensibilityGlobals) = postSolution
		SolutionGuid = {B196B2A7-32CB-460B-86B2-DC1A234E925A}
	EndGlobalSection
EndGlobal
